// !$*UTF8*$!
{
	archiveVersion = 1;
	classes = {
	};
	objectVersion = 56;
	objects = {

/* Begin PBXBuildFile section */
		FD06BD3D2A5AE41800F86B56 /* LandmarkRow.swift in Sources */ = {isa = PBXBuildFile; fileRef = FD06BD3C2A5AE41800F86B56 /* LandmarkRow.swift */; };
		FD06BD3F2A5AE75700F86B56 /* LandmarkList.swift in Sources */ = {isa = PBXBuildFile; fileRef = FD06BD3E2A5AE75700F86B56 /* LandmarkList.swift */; };
		FD06BD412A5AF3A700F86B56 /* DetailView.swift in Sources */ = {isa = PBXBuildFile; fileRef = FD06BD402A5AF3A700F86B56 /* DetailView.swift */; };
		FD0F1AEF2A52E11F0089953D /* LandmarksApp.swift in Sources */ = {isa = PBXBuildFile; fileRef = FD0F1AEE2A52E11F0089953D /* LandmarksApp.swift */; };
		FD0F1AF12A52E11F0089953D /* ContentView.swift in Sources */ = {isa = PBXBuildFile; fileRef = FD0F1AF02A52E11F0089953D /* ContentView.swift */; };
		FD0F1AF32A52E1200089953D /* Assets.xcassets in Resources */ = {isa = PBXBuildFile; fileRef = FD0F1AF22A52E1200089953D /* Assets.xcassets */; };
		FD0F1AF62A52E1200089953D /* Preview Assets.xcassets in Resources */ = {isa = PBXBuildFile; fileRef = FD0F1AF52A52E1200089953D /* Preview Assets.xcassets */; };
		FD0F1AFD2A52E5BD0089953D /* CircleImage.swift in Sources */ = {isa = PBXBuildFile; fileRef = FD0F1AFC2A52E5BD0089953D /* CircleImage.swift */; };
		FD0F1AFF2A52E6E70089953D /* MapView.swift in Sources */ = {isa = PBXBuildFile; fileRef = FD0F1AFE2A52E6E70089953D /* MapView.swift */; };
		FD0F1B012A5324360089953D /* landmarkData.json in Resources */ = {isa = PBXBuildFile; fileRef = FD0F1B002A5324360089953D /* landmarkData.json */; };
		FD0F1B032A5324650089953D /* Landmark.swift in Sources */ = {isa = PBXBuildFile; fileRef = FD0F1B022A5324650089953D /* Landmark.swift */; };
		FDCC3DDF2A59D09700AA013F /* ModelData.swift in Sources */ = {isa = PBXBuildFile; fileRef = FDCC3DDE2A59D09700AA013F /* ModelData.swift */; };
/* End PBXBuildFile section */

/* Begin PBXFileReference section */
		FD06BD3C2A5AE41800F86B56 /* LandmarkRow.swift */ = {isa = PBXFileReference; lastKnownFileType = sourcecode.swift; path = LandmarkRow.swift; sourceTree = "<group>"; };
		FD06BD3E2A5AE75700F86B56 /* LandmarkList.swift */ = {isa = PBXFileReference; lastKnownFileType = sourcecode.swift; path = LandmarkList.swift; sourceTree = "<group>"; };
		FD06BD402A5AF3A700F86B56 /* DetailView.swift */ = {isa = PBXFileReference; lastKnownFileType = sourcecode.swift; path = DetailView.swift; sourceTree = "<group>"; };
		FD0F1AEB2A52E11F0089953D /* Landmarks.app */ = {isa = PBXFileReference; explicitFileType = wrapper.application; includeInIndex = 0; path = Landmarks.app; sourceTree = BUILT_PRODUCTS_DIR; };
		FD0F1AEE2A52E11F0089953D /* LandmarksApp.swift */ = {isa = PBXFileReference; lastKnownFileType = sourcecode.swift; path = LandmarksApp.swift; sourceTree = "<group>"; };
		FD0F1AF02A52E11F0089953D /* ContentView.swift */ = {isa = PBXFileReference; lastKnownFileType = sourcecode.swift; path = ContentView.swift; sourceTree = "<group>"; };
		FD0F1AF22A52E1200089953D /* Assets.xcassets */ = {isa = PBXFileReference; lastKnownFileType = folder.assetcatalog; path = Assets.xcassets; sourceTree = "<group>"; };
		FD0F1AF52A52E1200089953D /* Preview Assets.xcassets */ = {isa = PBXFileReference; lastKnownFileType = folder.assetcatalog; path = "Preview Assets.xcassets"; sourceTree = "<group>"; };
		FD0F1AFC2A52E5BD0089953D /* CircleImage.swift */ = {isa = PBXFileReference; lastKnownFileType = sourcecode.swift; path = CircleImage.swift; sourceTree = "<group>"; };
		FD0F1AFE2A52E6E70089953D /* MapView.swift */ = {isa = PBXFileReference; lastKnownFileType = sourcecode.swift; path = MapView.swift; sourceTree = "<group>"; };
		FD0F1B002A5324360089953D /* landmarkData.json */ = {isa = PBXFileReference; fileEncoding = 4; lastKnownFileType = text.json; path = landmarkData.json; sourceTree = "<group>"; };
		FD0F1B022A5324650089953D /* Landmark.swift */ = {isa = PBXFileReference; lastKnownFileType = sourcecode.swift; path = Landmark.swift; sourceTree = "<group>"; };
		FDCC3DDE2A59D09700AA013F /* ModelData.swift */ = {isa = PBXFileReference; lastKnownFileType = sourcecode.swift; path = ModelData.swift; sourceTree = "<group>"; };
/* End PBXFileReference section */

/* Begin PBXFrameworksBuildPhase section */
		FD0F1AE82A52E11F0089953D /* Frameworks */ = {
			isa = PBXFrameworksBuildPhase;
			buildActionMask = 2147483647;
			files = (
			);
			runOnlyForDeploymentPostprocessing = 0;
		};
/* End PBXFrameworksBuildPhase section */

/* Begin PBXGroup section */
		FD06BD362A5ADF3900F86B56 /* Views */ = {
			isa = PBXGroup;
			children = (
				FD0F1AF02A52E11F0089953D /* ContentView.swift */,
				FD0F1AFE2A52E6E70089953D /* MapView.swift */,
				FD0F1AFC2A52E5BD0089953D /* CircleImage.swift */,
				FD06BD3C2A5AE41800F86B56 /* LandmarkRow.swift */,
				FD06BD3E2A5AE75700F86B56 /* LandmarkList.swift */,
				FD06BD402A5AF3A700F86B56 /* DetailView.swift */,
			);
			path = Views;
			sourceTree = "<group>";
		};
		FD06BD372A5ADF4F00F86B56 /* Model */ = {
			isa = PBXGroup;
			children = (
				FDCC3DDE2A59D09700AA013F /* ModelData.swift */,
				FD0F1B022A5324650089953D /* Landmark.swift */,
			);
			path = Model;
			sourceTree = "<group>";
		};
		FD06BD392A5AE04F00F86B56 /* Resources */ = {
			isa = PBXGroup;
			children = (
				FD0F1B002A5324360089953D /* landmarkData.json */,
			);
			path = Resources;
			sourceTree = "<group>";
		};
		FD0F1AE22A52E11F0089953D = {
			isa = PBXGroup;
			children = (
				FD0F1AED2A52E11F0089953D /* Landmarks */,
				FD0F1AEC2A52E11F0089953D /* Products */,
			);
			sourceTree = "<group>";
		};
		FD0F1AEC2A52E11F0089953D /* Products */ = {
			isa = PBXGroup;
			children = (
				FD0F1AEB2A52E11F0089953D /* Landmarks.app */,
			);
			name = Products;
			sourceTree = "<group>";
		};
		FD0F1AED2A52E11F0089953D /* Landmarks */ = {
			isa = PBXGroup;
			children = (
				FD0F1AEE2A52E11F0089953D /* LandmarksApp.swift */,
				FD06BD362A5ADF3900F86B56 /* Views */,
				FD06BD372A5ADF4F00F86B56 /* Model */,
				FD06BD392A5AE04F00F86B56 /* Resources */,
				FD0F1AF22A52E1200089953D /* Assets.xcassets */,
				FD0F1AF42A52E1200089953D /* Preview Content */,
			);
			path = Landmarks;
			sourceTree = "<group>";
		};
		FD0F1AF42A52E1200089953D /* Preview Content */ = {
			isa = PBXGroup;
			children = (
				FD0F1AF52A52E1200089953D /* Preview Assets.xcassets */,
			);
			path = "Preview Content";
			sourceTree = "<group>";
		};
/* End PBXGroup section */

/* Begin PBXNativeTarget section */
		FD0F1AEA2A52E11F0089953D /* Landmarks */ = {
			isa = PBXNativeTarget;
			buildConfigurationList = FD0F1AF92A52E1200089953D /* Build configuration list for PBXNativeTarget "Landmarks" */;
			buildPhases = (
				FD0F1AE72A52E11F0089953D /* Sources */,
				FD0F1AE82A52E11F0089953D /* Frameworks */,
				FD0F1AE92A52E11F0089953D /* Resources */,
			);
			buildRules = (
			);
			dependencies = (
			);
			name = Landmarks;
			productName = Landmarks;
			productReference = FD0F1AEB2A52E11F0089953D /* Landmarks.app */;
			productType = "com.apple.product-type.application";
		};
/* End PBXNativeTarget section */

/* Begin PBXProject section */
		FD0F1AE32A52E11F0089953D /* Project object */ = {
			isa = PBXProject;
			attributes = {
				BuildIndependentTargetsInParallel = 1;
				LastSwiftUpdateCheck = 1410;
				LastUpgradeCheck = 1410;
				TargetAttributes = {
					FD0F1AEA2A52E11F0089953D = {
						CreatedOnToolsVersion = 14.1;
					};
				};
			};
			buildConfigurationList = FD0F1AE62A52E11F0089953D /* Build configuration list for PBXProject "Landmarks" */;
			compatibilityVersion = "Xcode 14.0";
			developmentRegion = en;
			hasScannedForEncodings = 0;
			knownRegions = (
				en,
				Base,
			);
			mainGroup = FD0F1AE22A52E11F0089953D;
			productRefGroup = FD0F1AEC2A52E11F0089953D /* Products */;
			projectDirPath = "";
			projectRoot = "";
			targets = (
				FD0F1AEA2A52E11F0089953D /* Landmarks */,
			);
		};
/* End PBXProject section */

/* Begin PBXResourcesBuildPhase section */
		FD0F1AE92A52E11F0089953D /* Resources */ = {
			isa = PBXResourcesBuildPhase;
			buildActionMask = 2147483647;
			files = (
				FD0F1AF62A52E1200089953D /* Preview Assets.xcassets in Resources */,
				FD0F1AF32A52E1200089953D /* Assets.xcassets in Resources */,
				FD0F1B012A5324360089953D /* landmarkData.json in Resources */,
			);
			runOnlyForDeploymentPostprocessing = 0;
		};
/* End PBXResourcesBuildPhase section */

/* Begin PBXSourcesBuildPhase section */
		FD0F1AE72A52E11F0089953D /* Sources */ = {
			isa = PBXSourcesBuildPhase;
			buildActionMask = 2147483647;
			files = (
				FD0F1AF12A52E11F0089953D /* ContentView.swift in Sources */,
				FD06BD412A5AF3A700F86B56 /* DetailView.swift in Sources */,
				FD0F1AFF2A52E6E70089953D /* MapView.swift in Sources */,
				FD0F1AEF2A52E11F0089953D /* LandmarksApp.swift in Sources */,
				FD06BD3F2A5AE75700F86B56 /* LandmarkList.swift in Sources */,
				FD0F1AFD2A52E5BD0089953D /* CircleImage.swift in Sources */,
				FD0F1B032A5324650089953D /* Landmark.swift in Sources */,
				FD06BD3D2A5AE41800F86B56 /* LandmarkRow.swift in Sources */,
				FDCC3DDF2A59D09700AA013F /* ModelData.swift in Sources */,
			);
			runOnlyForDeploymentPostprocessing = 0;
		};
/* End PBXSourcesBuildPhase section */

/* Begin XCBuildConfiguration section */
		FD0F1AF72A52E1200089953D /* Debug */ = {
			isa = XCBuildConfiguration;
			buildSettings = {
				ALWAYS_SEARCH_USER_PATHS = NO;
				CLANG_ANALYZER_NONNULL = YES;
				CLANG_ANALYZER_NUMBER_OBJECT_CONVERSION = YES_AGGRESSIVE;
				CLANG_CXX_LANGUAGE_STANDARD = "gnu++20";
				CLANG_ENABLE_MODULES = YES;
				CLANG_ENABLE_OBJC_ARC = YES;
				CLANG_ENABLE_OBJC_WEAK = YES;
				CLANG_WARN_BLOCK_CAPTURE_AUTORELEASING = YES;
				CLANG_WARN_BOOL_CONVERSION = YES;
				CLANG_WARN_COMMA = YES;
				CLANG_WARN_CONSTANT_CONVERSION = YES;
				CLANG_WARN_DEPRECATED_OBJC_IMPLEMENTATIONS = YES;
				CLANG_WARN_DIRECT_OBJC_ISA_USAGE = YES_ERROR;
				CLANG_WARN_DOCUMENTATION_COMMENTS = YES;
				CLANG_WARN_EMPTY_BODY = YES;
				CLANG_WARN_ENUM_CONVERSION = YES;
				CLANG_WARN_INFINITE_RECURSION = YES;
				CLANG_WARN_INT_CONVERSION = YES;
				CLANG_WARN_NON_LITERAL_NULL_CONVERSION = YES;
				CLANG_WARN_OBJC_IMPLICIT_RETAIN_SELF = YES;
				CLANG_WARN_OBJC_LITERAL_CONVERSION = YES;
				CLANG_WARN_OBJC_ROOT_CLASS = YES_ERROR;
				CLANG_WARN_QUOTED_INCLUDE_IN_FRAMEWORK_HEADER = YES;
				CLANG_WARN_RANGE_LOOP_ANALYSIS = YES;
				CLANG_WARN_STRICT_PROTOTYPES = YES;
				CLANG_WARN_SUSPICIOUS_MOVE = YES;
				CLANG_WARN_UNGUARDED_AVAILABILITY = YES_AGGRESSIVE;
				CLANG_WARN_UNREACHABLE_CODE = YES;
				CLANG_WARN__DUPLICATE_METHOD_MATCH = YES;
				COPY_PHASE_STRIP = NO;
				DEBUG_INFORMATION_FORMAT = dwarf;
				ENABLE_STRICT_OBJC_MSGSEND = YES;
				ENABLE_TESTABILITY = YES;
				GCC_C_LANGUAGE_STANDARD = gnu11;
				GCC_DYNAMIC_NO_PIC = NO;
				GCC_NO_COMMON_BLOCKS = YES;
				GCC_OPTIMIZATION_LEVEL = 0;
				GCC_PREPROCESSOR_DEFINITIONS = (
					"DEBUG=1",
					"$(inherited)",
				);
				GCC_WARN_64_TO_32_BIT_CONVERSION = YES;
				GCC_WARN_ABOUT_RETURN_TYPE = YES_ERROR;
				GCC_WARN_UNDECLARED_SELECTOR = YES;
				GCC_WARN_UNINITIALIZED_AUTOS = YES_AGGRESSIVE;
				GCC_WARN_UNUSED_FUNCTION = YES;
				GCC_WARN_UNUSED_VARIABLE = YES;
				IPHONEOS_DEPLOYMENT_TARGET = 16.1;
				MTL_ENABLE_DEBUG_INFO = INCLUDE_SOURCE;
				MTL_FAST_MATH = YES;
				ONLY_ACTIVE_ARCH = YES;
				SDKROOT = iphoneos;
				SWIFT_ACTIVE_COMPILATION_CONDITIONS = DEBUG;
				SWIFT_OPTIMIZATION_LEVEL = "-Onone";
			};
			name = Debug;
		};
		FD0F1AF82A52E1200089953D /* Release */ = {
			isa = XCBuildConfiguration;
			buildSettings = {
				ALWAYS_SEARCH_USER_PATHS = NO;
				CLANG_ANALYZER_NONNULL = YES;
				CLANG_ANALYZER_NUMBER_OBJECT_CONVERSION = YES_AGGRESSIVE;
				CLANG_CXX_LANGUAGE_STANDARD = "gnu++20";
				CLANG_ENABLE_MODULES = YES;
				CLANG_ENABLE_OBJC_ARC = YES;
				CLANG_ENABLE_OBJC_WEAK = YES;
				CLANG_WARN_BLOCK_CAPTURE_AUTORELEASING = YES;
				CLANG_WARN_BOOL_CONVERSION = YES;
				CLANG_WARN_COMMA = YES;
				CLANG_WARN_CONSTANT_CONVERSION = YES;
				CLANG_WARN_DEPRECATED_OBJC_IMPLEMENTATIONS = YES;
				CLANG_WARN_DIRECT_OBJC_ISA_USAGE = YES_ERROR;
				CLANG_WARN_DOCUMENTATION_COMMENTS = YES;
				CLANG_WARN_EMPTY_BODY = YES;
				CLANG_WARN_ENUM_CONVERSION = YES;
				CLANG_WARN_INFINITE_RECURSION = YES;
				CLANG_WARN_INT_CONVERSION = YES;
				CLANG_WARN_NON_LITERAL_NULL_CONVERSION = YES;
				CLANG_WARN_OBJC_IMPLICIT_RETAIN_SELF = YES;
				CLANG_WARN_OBJC_LITERAL_CONVERSION = YES;
				CLANG_WARN_OBJC_ROOT_CLASS = YES_ERROR;
				CLANG_WARN_QUOTED_INCLUDE_IN_FRAMEWORK_HEADER = YES;
				CLANG_WARN_RANGE_LOOP_ANALYSIS = YES;
				CLANG_WARN_STRICT_PROTOTYPES = YES;
				CLANG_WARN_SUSPICIOUS_MOVE = YES;
				CLANG_WARN_UNGUARDED_AVAILABILITY = YES_AGGRESSIVE;
				CLANG_WARN_UNREACHABLE_CODE = YES;
				CLANG_WARN__DUPLICATE_METHOD_MATCH = YES;
				COPY_PHASE_STRIP = NO;
				DEBUG_INFORMATION_FORMAT = "dwarf-with-dsym";
				ENABLE_NS_ASSERTIONS = NO;
				ENABLE_STRICT_OBJC_MSGSEND = YES;
				GCC_C_LANGUAGE_STANDARD = gnu11;
				GCC_NO_COMMON_BLOCKS = YES;
				GCC_WARN_64_TO_32_BIT_CONVERSION = YES;
				GCC_WARN_ABOUT_RETURN_TYPE = YES_ERROR;
				GCC_WARN_UNDECLARED_SELECTOR = YES;
				GCC_WARN_UNINITIALIZED_AUTOS = YES_AGGRESSIVE;
				GCC_WARN_UNUSED_FUNCTION = YES;
				GCC_WARN_UNUSED_VARIABLE = YES;
				IPHONEOS_DEPLOYMENT_TARGET = 16.1;
				MTL_ENABLE_DEBUG_INFO = NO;
				MTL_FAST_MATH = YES;
				SDKROOT = iphoneos;
				SWIFT_COMPILATION_MODE = wholemodule;
				SWIFT_OPTIMIZATION_LEVEL = "-O";
				VALIDATE_PRODUCT = YES;
			};
			name = Release;
		};
		FD0F1AFA2A52E1200089953D /* Debug */ = {
			isa = XCBuildConfiguration;
			buildSettings = {
				ASSETCATALOG_COMPILER_APPICON_NAME = AppIcon;
				ASSETCATALOG_COMPILER_GLOBAL_ACCENT_COLOR_NAME = AccentColor;
				CODE_SIGN_STYLE = Automatic;
				CURRENT_PROJECT_VERSION = 1;
				DEVELOPMENT_ASSET_PATHS = "\"Landmarks/Preview Content\"";
				DEVELOPMENT_TEAM = JYLX786CHY;
				ENABLE_PREVIEWS = YES;
				GENERATE_INFOPLIST_FILE = YES;
				INFOPLIST_KEY_UIApplicationSceneManifest_Generation = YES;
				INFOPLIST_KEY_UIApplicationSupportsIndirectInputEvents = YES;
				INFOPLIST_KEY_UILaunchScreen_Generation = YES;
				INFOPLIST_KEY_UISupportedInterfaceOrientations_iPad = "UIInterfaceOrientationPortrait UIInterfaceOrientationPortraitUpsideDown UIInterfaceOrientationLandscapeLeft UIInterfaceOrientationLandscapeRight";
				INFOPLIST_KEY_UISupportedInterfaceOrientations_iPhone = "UIInterfaceOrientationPortrait UIInterfaceOrientationLandscapeLeft UIInterfaceOrientationLandscapeRight";
				LD_RUNPATH_SEARCH_PATHS = (
					"$(inherited)",
					"@executable_path/Frameworks",
				);
				MARKETING_VERSION = 1.0;
				PRODUCT_BUNDLE_IDENTIFIER = com.jayanth.programs.Landmarks;
				PRODUCT_NAME = "$(TARGET_NAME)";
				SWIFT_EMIT_LOC_STRINGS = YES;
				SWIFT_VERSION = 5.0;
				TARGETED_DEVICE_FAMILY = "1,2";
			};
			name = Debug;
		};
		FD0F1AFB2A52E1200089953D /* Release */ = {
			isa = XCBuildConfiguration;
			buildSettings = {
				ASSETCATALOG_COMPILER_APPICON_NAME = AppIcon;
				ASSETCATALOG_COMPILER_GLOBAL_ACCENT_COLOR_NAME = AccentColor;
				CODE_SIGN_STYLE = Automatic;
				CURRENT_PROJECT_VERSION = 1;
				DEVELOPMENT_ASSET_PATHS = "\"Landmarks/Preview Content\"";
				DEVELOPMENT_TEAM = JYLX786CHY;
				ENABLE_PREVIEWS = YES;
				GENERATE_INFOPLIST_FILE = YES;
				INFOPLIST_KEY_UIApplicationSceneManifest_Generation = YES;
				INFOPLIST_KEY_UIApplicationSupportsIndirectInputEvents = YES;
				INFOPLIST_KEY_UILaunchScreen_Generation = YES;
				INFOPLIST_KEY_UISupportedInterfaceOrientations_iPad = "UIInterfaceOrientationPortrait UIInterfaceOrientationPortraitUpsideDown UIInterfaceOrientationLandscapeLeft UIInterfaceOrientationLandscapeRight";
				INFOPLIST_KEY_UISupportedInterfaceOrientations_iPhone = "UIInterfaceOrientationPortrait UIInterfaceOrientationLandscapeLeft UIInterfaceOrientationLandscapeRight";
				LD_RUNPATH_SEARCH_PATHS = (
					"$(inherited)",
					"@executable_path/Frameworks",
				);
				MARKETING_VERSION = 1.0;
				PRODUCT_BUNDLE_IDENTIFIER = com.jayanth.programs.Landmarks;
				PRODUCT_NAME = "$(TARGET_NAME)";
				SWIFT_EMIT_LOC_STRINGS = YES;
				SWIFT_VERSION = 5.0;
				TARGETED_DEVICE_FAMILY = "1,2";
			};
			name = Release;
		};
/* End XCBuildConfiguration section */

/* Begin XCConfigurationList section */
		FD0F1AE62A52E11F0089953D /* Build configuration list for PBXProject "Landmarks" */ = {
			isa = XCConfigurationList;
			buildConfigurations = (
				FD0F1AF72A52E1200089953D /* Debug */,
				FD0F1AF82A52E1200089953D /* Release */,
			);
			defaultConfigurationIsVisible = 0;
			defaultConfigurationName = Release;
		};
		FD0F1AF92A52E1200089953D /* Build configuration list for PBXNativeTarget "Landmarks" */ = {
			isa = XCConfigurationList;
			buildConfigurations = (
				FD0F1AFA2A52E1200089953D /* Debug */,
				FD0F1AFB2A52E1200089953D /* Release */,
			);
			defaultConfigurationIsVisible = 0;
			defaultConfigurationName = Release;
		};
/* End XCConfigurationList section */
	};
	rootObject = FD0F1AE32A52E11F0089953D /* Project object */;
}
